
Microsoft Visual Studio Solution File, Format Version 12.00
# Visual Studio Version 17
VisualStudioVersion = 17.1.32328.378
MinimumVisualStudioVersion = 10.0.40219.1
Project("{FAE04EC0-301F-11D3-BF4B-00C04F79EFBC}") = "DataAccess", "DataAccess\DataAccess.csproj", "{90A9FC03-23AD-4080-8851-868A176FEC28}"
EndProject
Global
	GlobalSection(SolutionConfigurationPlatforms) = preSolution
		Debug|Any CPU = Debug|Any CPU
		Release|Any CPU = Release|Any CPU
	EndGlobalSection
	GlobalSection(ProjectConfigurationPlatforms) = postSolution
		{90A9FC03-23AD-4080-8851-868A176FEC28}.Debug|Any CPU.ActiveCfg = Debug|Any CPU
		{90A9FC03-23AD-4080-8851-868A176FEC28}.Debug|Any CPU.Build.0 = Debug|Any CPU
		{90A9FC03-23AD-4080-8851-868A176FEC28}.Release|Any CPU.ActiveCfg = Release|Any CPU
		{90A9FC03-23AD-4080-8851-868A176FEC28}.Release|Any CPU.Build.0 = Release|Any CPU
	EndGlobalSection
	GlobalSection(SolutionProperties) = preSolution
		HideSolutionNode = FALSE
	EndGlobalSection
	GlobalSection(ExtensibilityGlobals) = postSolution
		SolutionGuid = {5D8BFC73-F3D6-4BEC-8BA0-BF9918966613}
	EndGlobalSection
EndGlobal
